
Microsoft Visual Studio Solution File, Format Version 12.00
# Visual Studio Version 17
VisualStudioVersion = 17.7.34031.279
MinimumVisualStudioVersion = 10.0.40219.1
Project("{8BC9CEB8-8B4A-11D0-8D11-00A0C91BC942}") = "DeviceObjectExample", "DeviceObjectExample\DeviceObjectExample.vcxproj", "{5800B715-9DD5-4591-A701-7185CC3C02BF}"
EndProject
Project("{8BC9CEB8-8B4A-11D0-8D11-00A0C91BC942}") = "DeviceObjectExampleConsoleApp", "DeviceObjectExampleConsoleApp\DeviceObjectExampleConsoleApp.vcxproj", "{6BCE6AD5-DB5E-42D0-845E-05118DA4AA41}"
EndProject
Global
	GlobalSection(SolutionConfigurationPlatforms) = preSolution
		Debug|ARM64 = Debug|ARM64
		Debug|x64 = Debug|x64
		Debug|x86 = Debug|x86
		Release|ARM64 = Release|ARM64
		Release|x64 = Release|x64
		Release|x86 = Release|x86
	EndGlobalSection
	GlobalSection(ProjectConfigurationPlatforms) = postSolution
		{5800B715-9DD5-4591-A701-7185CC3C02BF}.Debug|ARM64.ActiveCfg = Debug|ARM64
		{5800B715-9DD5-4591-A701-7185CC3C02BF}.Debug|ARM64.Build.0 = Debug|ARM64
		{5800B715-9DD5-4591-A701-7185CC3C02BF}.Debug|ARM64.Deploy.0 = Debug|ARM64
		{5800B715-9DD5-4591-A701-7185CC3C02BF}.Debug|x64.ActiveCfg = Debug|x64
		{5800B715-9DD5-4591-A701-7185CC3C02BF}.Debug|x64.Build.0 = Debug|x64
		{5800B715-9DD5-4591-A701-7185CC3C02BF}.Debug|x64.Deploy.0 = Debug|x64
		{5800B715-9DD5-4591-A701-7185CC3C02BF}.Debug|x86.ActiveCfg = Debug|x64
		{5800B715-9DD5-4591-A701-7185CC3C02BF}.Debug|x86.Build.0 = Debug|x64
		{5800B715-9DD5-4591-A701-7185CC3C02BF}.Debug|x86.Deploy.0 = Debug|x64
		{5800B715-9DD5-4591-A701-7185CC3C02BF}.Release|ARM64.ActiveCfg = Release|ARM64
		{5800B715-9DD5-4591-A701-7185CC3C02BF}.Release|ARM64.Build.0 = Release|ARM64
		{5800B715-9DD5-4591-A701-7185CC3C02BF}.Release|ARM64.Deploy.0 = Release|ARM64
		{5800B715-9DD5-4591-A701-7185CC3C02BF}.Release|x64.ActiveCfg = Release|x64
		{5800B715-9DD5-4591-A701-7185CC3C02BF}.Release|x64.Build.0 = Release|x64
		{5800B715-9DD5-4591-A701-7185CC3C02BF}.Release|x64.Deploy.0 = Release|x64
		{5800B715-9DD5-4591-A701-7185CC3C02BF}.Release|x86.ActiveCfg = Release|x64
		{5800B715-9DD5-4591-A701-7185CC3C02BF}.Release|x86.Build.0 = Release|x64
		{5800B715-9DD5-4591-A701-7185CC3C02BF}.Release|x86.Deploy.0 = Release|x64
		{6BCE6AD5-DB5E-42D0-845E-05118DA4AA41}.Debug|ARM64.ActiveCfg = Debug|x64
		{6BCE6AD5-DB5E-42D0-845E-05118DA4AA41}.Debug|ARM64.Build.0 = Debug|x64
		{6BCE6AD5-DB5E-42D0-845E-05118DA4AA41}.Debug|x64.ActiveCfg = Debug|x64
		{6BCE6AD5-DB5E-42D0-845E-05118DA4AA41}.Debug|x64.Build.0 = Debug|x64
		{6BCE6AD5-DB5E-42D0-845E-05118DA4AA41}.Debug|x86.ActiveCfg = Debug|Win32
		{6BCE6AD5-DB5E-42D0-845E-05118DA4AA41}.Debug|x86.Build.0 = Debug|Win32
		{6BCE6AD5-DB5E-42D0-845E-05118DA4AA41}.Release|ARM64.ActiveCfg = Release|x64
		{6BCE6AD5-DB5E-42D0-845E-05118DA4AA41}.Release|ARM64.Build.0 = Release|x64
		{6BCE6AD5-DB5E-42D0-845E-05118DA4AA41}.Release|x64.ActiveCfg = Release|x64
		{6BCE6AD5-DB5E-42D0-845E-05118DA4AA41}.Release|x64.Build.0 = Release|x64
		{6BCE6AD5-DB5E-42D0-845E-05118DA4AA41}.Release|x86.ActiveCfg = Release|Win32
		{6BCE6AD5-DB5E-42D0-845E-05118DA4AA41}.Release|x86.Build.0 = Release|Win32
	EndGlobalSection
	GlobalSection(SolutionProperties) = preSolution
		HideSolutionNode = FALSE
	EndGlobalSection
	GlobalSection(ExtensibilityGlobals) = postSolution
		SolutionGuid = {2199841A-ED12-47F4-8D6A-A68EADB58AD3}
	EndGlobalSection
EndGlobal
